// !$*UTF8*$!
{
	archiveVersion = 1;
	classes = {
	};
	objectVersion = 55;
	objects = {

/* Begin PBXBuildFile section */
		001B40F926B741CC002374B3 /* AsyncMacOSApp.swift in Sources */ = {isa = PBXBuildFile; fileRef = 001B40F826B741CC002374B3 /* AsyncMacOSApp.swift */; };
		001B40FB26B741CC002374B3 /* ContentView.swift in Sources */ = {isa = PBXBuildFile; fileRef = 001B40FA26B741CC002374B3 /* ContentView.swift */; };
		001B40FD26B741CE002374B3 /* Assets.xcassets in Resources */ = {isa = PBXBuildFile; fileRef = 001B40FC26B741CE002374B3 /* Assets.xcassets */; };
		001B410026B741CE002374B3 /* Preview Assets.xcassets in Resources */ = {isa = PBXBuildFile; fileRef = 001B40FF26B741CE002374B3 /* Preview Assets.xcassets */; };
		009E976F26B9F42E0067EA73 /* AsyncStore in Frameworks */ = {isa = PBXBuildFile; productRef = 009E976E26B9F42E0067EA73 /* AsyncStore */; };
		00E8E6DB26B9F6F9003EF79A /* Redux.swift in Sources */ = {isa = PBXBuildFile; fileRef = 00E8E6DA26B9F6F9003EF79A /* Redux.swift */; };
		00E8E6DD26B9F721003EF79A /* Utility.swift in Sources */ = {isa = PBXBuildFile; fileRef = 00E8E6DC26B9F721003EF79A /* Utility.swift */; };
/* End PBXBuildFile section */

/* Begin PBXFileReference section */
		001B40F526B741CC002374B3 /* AsyncMacOS.app */ = {isa = PBXFileReference; explicitFileType = wrapper.application; includeInIndex = 0; path = AsyncMacOS.app; sourceTree = BUILT_PRODUCTS_DIR; };
		001B40F826B741CC002374B3 /* AsyncMacOSApp.swift */ = {isa = PBXFileReference; lastKnownFileType = sourcecode.swift; path = AsyncMacOSApp.swift; sourceTree = "<group>"; };
		001B40FA26B741CC002374B3 /* ContentView.swift */ = {isa = PBXFileReference; lastKnownFileType = sourcecode.swift; path = ContentView.swift; sourceTree = "<group>"; };
		001B40FC26B741CE002374B3 /* Assets.xcassets */ = {isa = PBXFileReference; lastKnownFileType = folder.assetcatalog; path = Assets.xcassets; sourceTree = "<group>"; };
		001B40FF26B741CE002374B3 /* Preview Assets.xcassets */ = {isa = PBXFileReference; lastKnownFileType = folder.assetcatalog; path = "Preview Assets.xcassets"; sourceTree = "<group>"; };
		00E8E6DA26B9F6F9003EF79A /* Redux.swift */ = {isa = PBXFileReference; lastKnownFileType = sourcecode.swift; path = Redux.swift; sourceTree = "<group>"; };
		00E8E6DC26B9F721003EF79A /* Utility.swift */ = {isa = PBXFileReference; lastKnownFileType = sourcecode.swift; path = Utility.swift; sourceTree = "<group>"; };
/* End PBXFileReference section */

/* Begin PBXFrameworksBuildPhase section */
		001B40F226B741CC002374B3 /* Frameworks */ = {
			isa = PBXFrameworksBuildPhase;
			buildActionMask = 2147483647;
			files = (
				009E976F26B9F42E0067EA73 /* AsyncStore in Frameworks */,
			);
			runOnlyForDeploymentPostprocessing = 0;
		};
/* End PBXFrameworksBuildPhase section */

/* Begin PBXGroup section */
		001B40EC26B741CC002374B3 = {
			isa = PBXGroup;
			children = (
				001B40F726B741CC002374B3 /* AsyncMacOS */,
				001B40F626B741CC002374B3 /* Products */,
				009E976D26B9F42E0067EA73 /* Frameworks */,
			);
			sourceTree = "<group>";
		};
		001B40F626B741CC002374B3 /* Products */ = {
			isa = PBXGroup;
			children = (
				001B40F526B741CC002374B3 /* AsyncMacOS.app */,
			);
			name = Products;
			sourceTree = "<group>";
		};
		001B40F726B741CC002374B3 /* AsyncMacOS */ = {
			isa = PBXGroup;
			children = (
				001B40F826B741CC002374B3 /* AsyncMacOSApp.swift */,
				001B40FA26B741CC002374B3 /* ContentView.swift */,
				00E8E6DC26B9F721003EF79A /* Utility.swift */,
				00E8E6DA26B9F6F9003EF79A /* Redux.swift */,
				001B40FC26B741CE002374B3 /* Assets.xcassets */,
				001B40FE26B741CE002374B3 /* Preview Content */,
			);
			path = AsyncMacOS;
			sourceTree = "<group>";
		};
		001B40FE26B741CE002374B3 /* Preview Content */ = {
			isa = PBXGroup;
			children = (
				001B40FF26B741CE002374B3 /* Preview Assets.xcassets */,
			);
			path = "Preview Content";
			sourceTree = "<group>";
		};
		009E976D26B9F42E0067EA73 /* Frameworks */ = {
			isa = PBXGroup;
			children = (
			);
			name = Frameworks;
			sourceTree = "<group>";
		};
/* End PBXGroup section */

/* Begin PBXNativeTarget section */
		001B40F426B741CC002374B3 /* AsyncMacOS */ = {
			isa = PBXNativeTarget;
			buildConfigurationList = 001B410326B741CE002374B3 /* Build configuration list for PBXNativeTarget "AsyncMacOS" */;
			buildPhases = (
				001B40F126B741CC002374B3 /* Sources */,
				001B40F226B741CC002374B3 /* Frameworks */,
				001B40F326B741CC002374B3 /* Resources */,
			);
			buildRules = (
			);
			dependencies = (
			);
			name = AsyncMacOS;
			packageProductDependencies = (
				009E976E26B9F42E0067EA73 /* AsyncStore */,
			);
			productName = AsyncMacOS;
			productReference = 001B40F526B741CC002374B3 /* AsyncMacOS.app */;
			productType = "com.apple.product-type.application";
		};
/* End PBXNativeTarget section */

/* Begin PBXProject section */
		001B40ED26B741CC002374B3 /* Project object */ = {
			isa = PBXProject;
			attributes = {
				BuildIndependentTargetsInParallel = 1;
				LastSwiftUpdateCheck = 1300;
				LastUpgradeCheck = 1300;
				TargetAttributes = {
					001B40F426B741CC002374B3 = {
						CreatedOnToolsVersion = 13.0;
					};
				};
			};
			buildConfigurationList = 001B40F026B741CC002374B3 /* Build configuration list for PBXProject "AsyncMacOS" */;
			compatibilityVersion = "Xcode 13.0";
			developmentRegion = en;
			hasScannedForEncodings = 0;
			knownRegions = (
				en,
				Base,
			);
			mainGroup = 001B40EC26B741CC002374B3;
			productRefGroup = 001B40F626B741CC002374B3 /* Products */;
			projectDirPath = "";
			projectRoot = "";
			targets = (
				001B40F426B741CC002374B3 /* AsyncMacOS */,
			);
		};
/* End PBXProject section */

/* Begin PBXResourcesBuildPhase section */
		001B40F326B741CC002374B3 /* Resources */ = {
			isa = PBXResourcesBuildPhase;
			buildActionMask = 2147483647;
			files = (
				001B410026B741CE002374B3 /* Preview Assets.xcassets in Resources */,
				001B40FD26B741CE002374B3 /* Assets.xcassets in Resources */,
			);
			runOnlyForDeploymentPostprocessing = 0;
		};
/* End PBXResourcesBuildPhase section */

/* Begin PBXSourcesBuildPhase section */
		001B40F126B741CC002374B3 /* Sources */ = {
			isa = PBXSourcesBuildPhase;
			buildActionMask = 2147483647;
			files = (
				00E8E6DD26B9F721003EF79A /* Utility.swift in Sources */,
				001B40FB26B741CC002374B3 /* ContentView.swift in Sources */,
				001B40F926B741CC002374B3 /* AsyncMacOSApp.swift in Sources */,
				00E8E6DB26B9F6F9003EF79A /* Redux.swift in Sources */,
			);
			runOnlyForDeploymentPostprocessing = 0;
		};
/* End PBXSourcesBuildPhase section */

/* Begin XCBuildConfiguration section */
		001B410126B741CE002374B3 /* Debug */ = {
			isa = XCBuildConfiguration;
			buildSettings = {
				ALWAYS_SEARCH_USER_PATHS = NO;
				CLANG_ANALYZER_NONNULL = YES;
				CLANG_ANALYZER_NUMBER_OBJECT_CONVERSION = YES_AGGRESSIVE;
				CLANG_CXX_LANGUAGE_STANDARD = "gnu++14";
				CLANG_CXX_LIBRARY = "libc++";
				CLANG_ENABLE_MODULES = YES;
				CLANG_ENABLE_OBJC_ARC = YES;
				CLANG_ENABLE_OBJC_WEAK = YES;
				CLANG_WARN_BLOCK_CAPTURE_AUTORELEASING = YES;
				CLANG_WARN_BOOL_CONVERSION = YES;
				CLANG_WARN_COMMA = YES;
				CLANG_WARN_CONSTANT_CONVERSION = YES;
				CLANG_WARN_DEPRECATED_OBJC_IMPLEMENTATIONS = YES;
				CLANG_WARN_DIRECT_OBJC_ISA_USAGE = YES_ERROR;
				CLANG_WARN_DOCUMENTATION_COMMENTS = YES;
				CLANG_WARN_EMPTY_BODY = YES;
				CLANG_WARN_ENUM_CONVERSION = YES;
				CLANG_WARN_INFINITE_RECURSION = YES;
				CLANG_WARN_INT_CONVERSION = YES;
				CLANG_WARN_NON_LITERAL_NULL_CONVERSION = YES;
				CLANG_WARN_OBJC_IMPLICIT_RETAIN_SELF = YES;
				CLANG_WARN_OBJC_LITERAL_CONVERSION = YES;
				CLANG_WARN_OBJC_ROOT_CLASS = YES_ERROR;
				CLANG_WARN_QUOTED_INCLUDE_IN_FRAMEWORK_HEADER = YES;
				CLANG_WARN_RANGE_LOOP_ANALYSIS = YES;
				CLANG_WARN_STRICT_PROTOTYPES = YES;
				CLANG_WARN_SUSPICIOUS_MOVE = YES;
				CLANG_WARN_UNGUARDED_AVAILABILITY = YES_AGGRESSIVE;
				CLANG_WARN_UNREACHABLE_CODE = YES;
				CLANG_WARN__DUPLICATE_METHOD_MATCH = YES;
				COPY_PHASE_STRIP = NO;
				DEBUG_INFORMATION_FORMAT = dwarf;
				ENABLE_STRICT_OBJC_MSGSEND = YES;
				ENABLE_TESTABILITY = YES;
				GCC_C_LANGUAGE_STANDARD = gnu11;
				GCC_DYNAMIC_NO_PIC = NO;
				GCC_NO_COMMON_BLOCKS = YES;
				GCC_OPTIMIZATION_LEVEL = 0;
				GCC_PREPROCESSOR_DEFINITIONS = (
					"DEBUG=1",
					"$(inherited)",
				);
				GCC_WARN_64_TO_32_BIT_CONVERSION = YES;
				GCC_WARN_ABOUT_RETURN_TYPE = YES_ERROR;
				GCC_WARN_UNDECLARED_SELECTOR = YES;
				GCC_WARN_UNINITIALIZED_AUTOS = YES_AGGRESSIVE;
				GCC_WARN_UNUSED_FUNCTION = YES;
				GCC_WARN_UNUSED_VARIABLE = YES;
				MACOSX_DEPLOYMENT_TARGET = 12.0;
				MTL_ENABLE_DEBUG_INFO = INCLUDE_SOURCE;
				MTL_FAST_MATH = YES;
				ONLY_ACTIVE_ARCH = YES;
				SDKROOT = macosx;
				SWIFT_ACTIVE_COMPILATION_CONDITIONS = DEBUG;
				SWIFT_OPTIMIZATION_LEVEL = "-Onone";
			};
			name = Debug;
		};
		001B410226B741CE002374B3 /* Release */ = {
			isa = XCBuildConfiguration;
			buildSettings = {
				ALWAYS_SEARCH_USER_PATHS = NO;
				CLANG_ANALYZER_NONNULL = YES;
				CLANG_ANALYZER_NUMBER_OBJECT_CONVERSION = YES_AGGRESSIVE;
				CLANG_CXX_LANGUAGE_STANDARD = "gnu++14";
				CLANG_CXX_LIBRARY = "libc++";
				CLANG_ENABLE_MODULES = YES;
				CLANG_ENABLE_OBJC_ARC = YES;
				CLANG_ENABLE_OBJC_WEAK = YES;
				CLANG_WARN_BLOCK_CAPTURE_AUTORELEASING = YES;
				CLANG_WARN_BOOL_CONVERSION = YES;
				CLANG_WARN_COMMA = YES;
				CLANG_WARN_CONSTANT_CONVERSION = YES;
				CLANG_WARN_DEPRECATED_OBJC_IMPLEMENTATIONS = YES;
				CLANG_WARN_DIRECT_OBJC_ISA_USAGE = YES_ERROR;
				CLANG_WARN_DOCUMENTATION_COMMENTS = YES;
				CLANG_WARN_EMPTY_BODY = YES;
				CLANG_WARN_ENUM_CONVERSION = YES;
				CLANG_WARN_INFINITE_RECURSION = YES;
				CLANG_WARN_INT_CONVERSION = YES;
				CLANG_WARN_NON_LITERAL_NULL_CONVERSION = YES;
				CLANG_WARN_OBJC_IMPLICIT_RETAIN_SELF = YES;
				CLANG_WARN_OBJC_LITERAL_CONVERSION = YES;
				CLANG_WARN_OBJC_ROOT_CLASS = YES_ERROR;
				CLANG_WARN_QUOTED_INCLUDE_IN_FRAMEWORK_HEADER = YES;
				CLANG_WARN_RANGE_LOOP_ANALYSIS = YES;
				CLANG_WARN_STRICT_PROTOTYPES = YES;
				CLANG_WARN_SUSPICIOUS_MOVE = YES;
				CLANG_WARN_UNGUARDED_AVAILABILITY = YES_AGGRESSIVE;
				CLANG_WARN_UNREACHABLE_CODE = YES;
				CLANG_WARN__DUPLICATE_METHOD_MATCH = YES;
				COPY_PHASE_STRIP = NO;
				DEBUG_INFORMATION_FORMAT = "dwarf-with-dsym";
				ENABLE_NS_ASSERTIONS = NO;
				ENABLE_STRICT_OBJC_MSGSEND = YES;
				GCC_C_LANGUAGE_STANDARD = gnu11;
				GCC_NO_COMMON_BLOCKS = YES;
				GCC_WARN_64_TO_32_BIT_CONVERSION = YES;
				GCC_WARN_ABOUT_RETURN_TYPE = YES_ERROR;
				GCC_WARN_UNDECLARED_SELECTOR = YES;
				GCC_WARN_UNINITIALIZED_AUTOS = YES_AGGRESSIVE;
				GCC_WARN_UNUSED_FUNCTION = YES;
				GCC_WARN_UNUSED_VARIABLE = YES;
				MACOSX_DEPLOYMENT_TARGET = 12.0;
				MTL_ENABLE_DEBUG_INFO = NO;
				MTL_FAST_MATH = YES;
				SDKROOT = macosx;
				SWIFT_COMPILATION_MODE = wholemodule;
				SWIFT_OPTIMIZATION_LEVEL = "-O";
			};
			name = Release;
		};
		001B410426B741CE002374B3 /* Debug */ = {
			isa = XCBuildConfiguration;
			buildSettings = {
				ASSETCATALOG_COMPILER_APPICON_NAME = AppIcon;
				ASSETCATALOG_COMPILER_GLOBAL_ACCENT_COLOR_NAME = AccentColor;
				CODE_SIGN_STYLE = Automatic;
				COMBINE_HIDPI_IMAGES = YES;
				CURRENT_PROJECT_VERSION = 1;
				DEVELOPMENT_ASSET_PATHS = "\"AsyncMacOS/Preview Content\"";
				DEVELOPMENT_TEAM = 6CK8F56X6R;
				ENABLE_APP_SANDBOX = YES;
				ENABLE_HARDENED_RUNTIME = YES;
				ENABLE_PREVIEWS = YES;
				ENABLE_USER_SELECTED_FILES = readonly;
				GENERATE_INFOPLIST_FILE = YES;
				INFOPLIST_KEY_NSHumanReadableCopyright = "";
				LD_RUNPATH_SEARCH_PATHS = (
					"$(inherited)",
					"@executable_path/../Frameworks",
				);
				MACOSX_DEPLOYMENT_TARGET = 12.0;
				MARKETING_VERSION = 1.0;
				PRODUCT_BUNDLE_IDENTIFIER = com.dyla.AsyncMacOS;
				PRODUCT_NAME = "$(TARGET_NAME)";
				SWIFT_EMIT_LOC_STRINGS = YES;
				SWIFT_VERSION = 5.0;
			};
			name = Debug;
		};
		001B410526B741CE002374B3 /* Release */ = {
			isa = XCBuildConfiguration;
			buildSettings = {
				ASSETCATALOG_COMPILER_APPICON_NAME = AppIcon;
				ASSETCATALOG_COMPILER_GLOBAL_ACCENT_COLOR_NAME = AccentColor;
				CODE_SIGN_STYLE = Automatic;
				COMBINE_HIDPI_IMAGES = YES;
				CURRENT_PROJECT_VERSION = 1;
				DEVELOPMENT_ASSET_PATHS = "\"AsyncMacOS/Preview Content\"";
				DEVELOPMENT_TEAM = 6CK8F56X6R;
				ENABLE_APP_SANDBOX = YES;
				ENABLE_HARDENED_RUNTIME = YES;
				ENABLE_PREVIEWS = YES;
				ENABLE_USER_SELECTED_FILES = readonly;
				GENERATE_INFOPLIST_FILE = YES;
				INFOPLIST_KEY_NSHumanReadableCopyright = "";
				LD_RUNPATH_SEARCH_PATHS = (
					"$(inherited)",
					"@executable_path/../Frameworks",
				);
				MACOSX_DEPLOYMENT_TARGET = 12.0;
				MARKETING_VERSION = 1.0;
				PRODUCT_BUNDLE_IDENTIFIER = com.dyla.AsyncMacOS;
				PRODUCT_NAME = "$(TARGET_NAME)";
				SWIFT_EMIT_LOC_STRINGS = YES;
				SWIFT_VERSION = 5.0;
			};
			name = Release;
		};
/* End XCBuildConfiguration section */

/* Begin XCConfigurationList section */
		001B40F026B741CC002374B3 /* Build configuration list for PBXProject "AsyncMacOS" */ = {
			isa = XCConfigurationList;
			buildConfigurations = (
				001B410126B741CE002374B3 /* Debug */,
				001B410226B741CE002374B3 /* Release */,
			);
			defaultConfigurationIsVisible = 0;
			defaultConfigurationName = Release;
		};
		001B410326B741CE002374B3 /* Build configuration list for PBXNativeTarget "AsyncMacOS" */ = {
			isa = XCConfigurationList;
			buildConfigurations = (
				001B410426B741CE002374B3 /* Debug */,
				001B410526B741CE002374B3 /* Release */,
			);
			defaultConfigurationIsVisible = 0;
			defaultConfigurationName = Release;
		};
/* End XCConfigurationList section */

/* Begin XCSwiftPackageProductDependency section */
		009E976E26B9F42E0067EA73 /* AsyncStore */ = {
			isa = XCSwiftPackageProductDependency;
			productName = AsyncStore;
		};
/* End XCSwiftPackageProductDependency section */
	};
	rootObject = 001B40ED26B741CC002374B3 /* Project object */;
}
